--- 
dependencies: 
  pancake: 
    group: 
    - :default
    version: ">= 0"
  rake: 
    group: 
    - :default
    version: ">= 0"
  any_view: 
    group: 
    - :default
    version: ">= 0"
  hashie: 
    group: 
    - :default
    version: ">= 0"
  rspec: 
    group: 
    - :test
    version: ">= 0"
  dirge: 
    group: 
    - :default
    version: ">= 0"
  rack: 
    group: 
    - :default
    version: ">= 0"
  extlib: 
    group: 
    - :default
    version: ">= 0"
  tilt: 
    group: 
    - :default
    version: ">= 0"
specs: 
- rake: 
    version: 0.8.7
- tilt: 
    version: "0.9"
    source: 1
- any_view: 
    version: 0.2.0pre
    source: 2
- dirge: 
    version: 0.0.4
- extlib: 
    version: 0.9.14
- fuzzyhash: 
    version: 0.0.11
- hashie: 
    version: 0.2.0
- json: 
    version: 1.4.3
- rack: 
    version: 1.1.0
- rack-accept-media-types: 
    version: "0.9"
- rack-test: 
    version: 0.5.3
- thor: 
    version: 0.13.6
- usher: 
    version: 0.7.1
- wrapt: 
    version: 0.1.5
- pancake: 
    version: 0.1.29
    source: 0
- rspec: 
    version: 1.3.0
hash: 93c8540ea4ace449094d11b11cd1802ece241cb1
sources: 
- Path: 
    path: !ruby/object:Pathname 
      path: /Users/dneighman/Projects/pancake
- Path: 
    path: !ruby/object:Pathname 
      path: /Users/dneighman/Projects/tilt
- Path: 
    path: !ruby/object:Pathname 
      path: /Users/dneighman/Projects/any_view
- Rubygems: 
    uri: http://gemcutter.org
